[[package]]
name = "proc-macro2"
version = "0.2.0"
source = "registry+https://github.com/rust-lang/crates.io-index"
dependencies = [
 "unicode-xid 0.1.0 (registry+https://github.com/rust-lang/crates.io-index)",
]

[[package]]
name = "quote"
version = "0.4.1"
source = "registry+https://github.com/rust-lang/crates.io-index"
dependencies = [
 "proc-macro2 0.2.0 (registry+https://github.com/rust-lang/crates.io-index)",
]

[[package]]
name = "syn"
version = "0.12.0"
source = "registry+https://github.com/rust-lang/crates.io-index"
dependencies = [
 "proc-macro2 0.2.0 (registry+https://github.com/rust-lang/crates.io-index)",
 "quote 0.4.1 (registry+https://github.com/rust-lang/crates.io-index)",
 "unicode-xid 0.1.0 (registry+https://github.com/rust-lang/crates.io-index)",
]

[[package]]
name = "unicode-xid"
version = "0.1.0"
source = "registry+https://github.com/rust-lang/crates.io-index"

[[package]]
name = "value-derive"
version = "0.1.0"
dependencies = [
 "quote 0.4.1 (registry+https://github.com/rust-lang/crates.io-index)",
 "syn 0.12.0 (registry+https://github.com/rust-lang/crates.io-index)",
]

[metadata]
"checksum proc-macro2 0.2.0 (registry+https://github.com/rust-lang/crates.io-index)" = "b48db3af21624df4894fcd6c2e09f38b43f9fede17b9619b19e030916a3a31b3"
"checksum quote 0.4.1 (registry+https://github.com/rust-lang/crates.io-index)" = "19aae6d09f067d981e9ba3c8018ef4a23a3d58564e3c4282e79497f4ae14241c"
"checksum syn 0.12.0 (registry+https://github.com/rust-lang/crates.io-index)" = "b186344b4b9c63567a0e29a5b43e2d5ffd02870951722950ab765a93a03433dd"
"checksum unicode-xid 0.1.0 (registry+https://github.com/rust-lang/crates.io-index)" = "fc72304796d0818e357ead4e000d19c9c174ab23dc11093ac919054d20a6a7fc"
